
Microsoft Visual Studio Solution File, Format Version 12.00
# Visual Studio Version 17
VisualStudioVersion = 17.11.35219.272
MinimumVisualStudioVersion = 10.0.40219.1
Project("{FAE04EC0-301F-11D3-BF4B-00C04F79EFBC}") = "ShoppingListApi", "ShoppingListApi\ShoppingListApi.csproj", "{2646C0D9-C71E-43B7-829F-06731EFF57F1}"
EndProject
Global
	GlobalSection(SolutionConfigurationPlatforms) = preSolution
		Debug|Any CPU = Debug|Any CPU
		Release|Any CPU = Release|Any CPU
	EndGlobalSection
	GlobalSection(ProjectConfigurationPlatforms) = postSolution
		{2646C0D9-C71E-43B7-829F-06731EFF57F1}.Debug|Any CPU.ActiveCfg = Debug|Any CPU
		{2646C0D9-C71E-43B7-829F-06731EFF57F1}.Debug|Any CPU.Build.0 = Debug|Any CPU
		{2646C0D9-C71E-43B7-829F-06731EFF57F1}.Release|Any CPU.ActiveCfg = Release|Any CPU
		{2646C0D9-C71E-43B7-829F-06731EFF57F1}.Release|Any CPU.Build.0 = Release|Any CPU
	EndGlobalSection
	GlobalSection(SolutionProperties) = preSolution
		HideSolutionNode = FALSE
	EndGlobalSection
	GlobalSection(ExtensibilityGlobals) = postSolution
		SolutionGuid = {7C7445D3-F5E1-4625-8928-0B9C4794A05D}
	EndGlobalSection
EndGlobal
