
Microsoft Visual Studio Solution File, Format Version 12.00
# Visual Studio Version 17
VisualStudioVersion = 17.11.35118.90
MinimumVisualStudioVersion = 10.0.40219.1
Project("{9A19103F-16F7-4668-BE54-9A1E7A4F7556}") = "DevSpot", "DevSpot\DevSpot.csproj", "{47B19912-6B42-4597-BEBA-811C67F47074}"
EndProject
Project("{FAE04EC0-301F-11D3-BF4B-00C04F79EFBC}") = "DevSpot.Tests", "DevSpot.Tests\DevSpot.Tests.csproj", "{6727008E-914D-4D2A-BC2F-6E67C848A48A}"
EndProject
Global
	GlobalSection(SolutionConfigurationPlatforms) = preSolution
		Debug|Any CPU = Debug|Any CPU
		Release|Any CPU = Release|Any CPU
	EndGlobalSection
	GlobalSection(ProjectConfigurationPlatforms) = postSolution
		{47B19912-6B42-4597-BEBA-811C67F47074}.Debug|Any CPU.ActiveCfg = Debug|Any CPU
		{47B19912-6B42-4597-BEBA-811C67F47074}.Debug|Any CPU.Build.0 = Debug|Any CPU
		{47B19912-6B42-4597-BEBA-811C67F47074}.Release|Any CPU.ActiveCfg = Release|Any CPU
		{47B19912-6B42-4597-BEBA-811C67F47074}.Release|Any CPU.Build.0 = Release|Any CPU
		{6727008E-914D-4D2A-BC2F-6E67C848A48A}.Debug|Any CPU.ActiveCfg = Debug|Any CPU
		{6727008E-914D-4D2A-BC2F-6E67C848A48A}.Debug|Any CPU.Build.0 = Debug|Any CPU
		{6727008E-914D-4D2A-BC2F-6E67C848A48A}.Release|Any CPU.ActiveCfg = Release|Any CPU
		{6727008E-914D-4D2A-BC2F-6E67C848A48A}.Release|Any CPU.Build.0 = Release|Any CPU
	EndGlobalSection
	GlobalSection(SolutionProperties) = preSolution
		HideSolutionNode = FALSE
	EndGlobalSection
	GlobalSection(ExtensibilityGlobals) = postSolution
		SolutionGuid = {B6E2ABD2-83E8-4421-869D-AF85FF22B17F}
	EndGlobalSection
EndGlobal
