
Microsoft Visual Studio Solution File, Format Version 12.00
# Visual Studio Version 17
VisualStudioVersion = 17.11.35219.272
MinimumVisualStudioVersion = 10.0.40219.1
Project("{FAE04EC0-301F-11D3-BF4B-00C04F79EFBC}") = "MinimalShoppingListApi", "MinimalShoppingListApi\MinimalShoppingListApi.csproj", "{AEFE5A13-CB36-4BEC-B225-D174FC87997A}"
EndProject
Global
	GlobalSection(SolutionConfigurationPlatforms) = preSolution
		Debug|Any CPU = Debug|Any CPU
		Release|Any CPU = Release|Any CPU
	EndGlobalSection
	GlobalSection(ProjectConfigurationPlatforms) = postSolution
		{AEFE5A13-CB36-4BEC-B225-D174FC87997A}.Debug|Any CPU.ActiveCfg = Debug|Any CPU
		{AEFE5A13-CB36-4BEC-B225-D174FC87997A}.Debug|Any CPU.Build.0 = Debug|Any CPU
		{AEFE5A13-CB36-4BEC-B225-D174FC87997A}.Release|Any CPU.ActiveCfg = Release|Any CPU
		{AEFE5A13-CB36-4BEC-B225-D174FC87997A}.Release|Any CPU.Build.0 = Release|Any CPU
	EndGlobalSection
	GlobalSection(SolutionProperties) = preSolution
		HideSolutionNode = FALSE
	EndGlobalSection
	GlobalSection(ExtensibilityGlobals) = postSolution
		SolutionGuid = {48B6EAFE-4445-4DC9-B150-34263578E797}
	EndGlobalSection
EndGlobal
